
Microsoft Visual Studio Solution File, Format Version 12.00
# Visual Studio Version 17
VisualStudioVersion = 17.5.002.0
MinimumVisualStudioVersion = 10.0.40219.1
Project("{9A19103F-16F7-4668-BE54-9A1E7A4F7556}") = "BankAppWithModelAndController", "BankAppWithModelAndController.csproj", "{D3AB9959-FD31-4A4A-BC37-16387F07798A}"
EndProject
Global
	GlobalSection(SolutionConfigurationPlatforms) = preSolution
		Debug|Any CPU = Debug|Any CPU
		Release|Any CPU = Release|Any CPU
	EndGlobalSection
	GlobalSection(ProjectConfigurationPlatforms) = postSolution
		{D3AB9959-FD31-4A4A-BC37-16387F07798A}.Debug|Any CPU.ActiveCfg = Debug|Any CPU
		{D3AB9959-FD31-4A4A-BC37-16387F07798A}.Debug|Any CPU.Build.0 = Debug|Any CPU
		{D3AB9959-FD31-4A4A-BC37-16387F07798A}.Release|Any CPU.ActiveCfg = Release|Any CPU
		{D3AB9959-FD31-4A4A-BC37-16387F07798A}.Release|Any CPU.Build.0 = Release|Any CPU
	EndGlobalSection
	GlobalSection(SolutionProperties) = preSolution
		HideSolutionNode = FALSE
	EndGlobalSection
	GlobalSection(ExtensibilityGlobals) = postSolution
		SolutionGuid = {98954318-3D0F-4531-ADC5-B2710412B13F}
	EndGlobalSection
EndGlobal
